// !$*UTF8*$!
{
	archiveVersion = 1;
	classes = {
	};
	objectVersion = 56;
	objects = {

/* Begin PBXBuildFile section */
		2B39E3BE2BF6160500810594 /* NewsServiceMock.swift in Sources */ = {isa = PBXBuildFile; fileRef = 2B5121682BF5383B00080318 /* NewsServiceMock.swift */; };
		2B39E3C12BF6496300810594 /* NewsData.json in Resources */ = {isa = PBXBuildFile; fileRef = 2B39E3C02BF6496300810594 /* NewsData.json */; };
		2B39E3C32BF64D9E00810594 /* NewsServiceTests.swift in Sources */ = {isa = PBXBuildFile; fileRef = 2B39E3C22BF64D9E00810594 /* NewsServiceTests.swift */; };
		2B5121672BF534B300080318 /* NetworkErrorAlertTests.swift in Sources */ = {isa = PBXBuildFile; fileRef = 2B5121662BF534B300080318 /* NetworkErrorAlertTests.swift */; };
		2B51216A2BF5385A00080318 /* NetworkingProtocols.swift in Sources */ = {isa = PBXBuildFile; fileRef = 2B8BBB5A2BF36A1D00433FFF /* NetworkingProtocols.swift */; };
		2B51216C2BF5389800080318 /* APIEndpointParams.swift in Sources */ = {isa = PBXBuildFile; fileRef = 2B568E092BF4C913002D39F2 /* APIEndpointParams.swift */; };
		2B51216D2BF538A100080318 /* NewsData.swift in Sources */ = {isa = PBXBuildFile; fileRef = 2BF4D9992BF20CB900758732 /* NewsData.swift */; };
		2B568E0A2BF4C913002D39F2 /* APIEndpointParams.swift in Sources */ = {isa = PBXBuildFile; fileRef = 2B568E092BF4C913002D39F2 /* APIEndpointParams.swift */; };
		2B568E0C2BF4F3D8002D39F2 /* APIEndpointHandler.swift in Sources */ = {isa = PBXBuildFile; fileRef = 2B568E0B2BF4F3D8002D39F2 /* APIEndpointHandler.swift */; };
		2B84AA7C2BF3883300CA479B /* TableViewProtocols.swift in Sources */ = {isa = PBXBuildFile; fileRef = 2B84AA7B2BF3883300CA479B /* TableViewProtocols.swift */; };
		2B84AA7E2BF3892A00CA479B /* NewsDataProtocols.swift in Sources */ = {isa = PBXBuildFile; fileRef = 2B84AA7D2BF3892A00CA479B /* NewsDataProtocols.swift */; };
		2B84AA842BF399C300CA479B /* DataParser.swift in Sources */ = {isa = PBXBuildFile; fileRef = 2B84AA832BF399C300CA479B /* DataParser.swift */; };
		2B84AA872BF39AA600CA479B /* APIKey.swift in Sources */ = {isa = PBXBuildFile; fileRef = 2B84AA862BF39AA600CA479B /* APIKey.swift */; };
		2B84AA8B2BF3E67900CA479B /* ErrorHandler.swift in Sources */ = {isa = PBXBuildFile; fileRef = 2B84AA8A2BF3E67900CA479B /* ErrorHandler.swift */; };
		2B8BBB592BF3696500433FFF /* CellProtocols.swift in Sources */ = {isa = PBXBuildFile; fileRef = 2B8BBB582BF3696500433FFF /* CellProtocols.swift */; };
		2B8BBB5B2BF36A1E00433FFF /* NetworkingProtocols.swift in Sources */ = {isa = PBXBuildFile; fileRef = 2B8BBB5A2BF36A1D00433FFF /* NetworkingProtocols.swift */; };
		2BA64F192BF0DFF20074C3B4 /* AppDelegate.swift in Sources */ = {isa = PBXBuildFile; fileRef = 2BA64F182BF0DFF20074C3B4 /* AppDelegate.swift */; };
		2BA64F1D2BF0DFF20074C3B4 /* NewsListViewController.swift in Sources */ = {isa = PBXBuildFile; fileRef = 2BA64F1C2BF0DFF20074C3B4 /* NewsListViewController.swift */; };
		2BA64F222BF0DFF40074C3B4 /* Assets.xcassets in Resources */ = {isa = PBXBuildFile; fileRef = 2BA64F212BF0DFF40074C3B4 /* Assets.xcassets */; };
		2BA64F252BF0DFF40074C3B4 /* Base in Resources */ = {isa = PBXBuildFile; fileRef = 2BA64F242BF0DFF40074C3B4 /* Base */; };
		2BA64F3A2BF0DFF50074C3B4 /* Bornlogic_iOSChallengeUITests.swift in Sources */ = {isa = PBXBuildFile; fileRef = 2BA64F392BF0DFF50074C3B4 /* Bornlogic_iOSChallengeUITests.swift */; };
		2BA64F3C2BF0DFF50074C3B4 /* Bornlogic_iOSChallengeUITestsLaunchTests.swift in Sources */ = {isa = PBXBuildFile; fileRef = 2BA64F3B2BF0DFF50074C3B4 /* Bornlogic_iOSChallengeUITestsLaunchTests.swift */; };
		2BA64F562BF0E7C90074C3B4 /* NewsListView.swift in Sources */ = {isa = PBXBuildFile; fileRef = 2BA64F552BF0E7C90074C3B4 /* NewsListView.swift */; };
		2BA64F582BF107DE0074C3B4 /* UIViewController + Extension.swift in Sources */ = {isa = PBXBuildFile; fileRef = 2BA64F572BF107DE0074C3B4 /* UIViewController + Extension.swift */; };
		2BA64F5A2BF1083A0074C3B4 /* Constants.swift in Sources */ = {isa = PBXBuildFile; fileRef = 2BA64F592BF1083A0074C3B4 /* Constants.swift */; };
		2BA64F5C2BF10D870074C3B4 /* NewsListViewModel.swift in Sources */ = {isa = PBXBuildFile; fileRef = 2BA64F5B2BF10D870074C3B4 /* NewsListViewModel.swift */; };
		2BA64F5E2BF10E550074C3B4 /* NewsListTableViewCell.swift in Sources */ = {isa = PBXBuildFile; fileRef = 2BA64F5D2BF10E550074C3B4 /* NewsListTableViewCell.swift */; };
		2BA64F602BF10ED30074C3B4 /* UIView + Extension.swift in Sources */ = {isa = PBXBuildFile; fileRef = 2BA64F5F2BF10ED30074C3B4 /* UIView + Extension.swift */; };
		2BA64F622BF10F670074C3B4 /* NewsListCellView.swift in Sources */ = {isa = PBXBuildFile; fileRef = 2BA64F612BF10F670074C3B4 /* NewsListCellView.swift */; };
		2BF4D99A2BF20CB900758732 /* NewsData.swift in Sources */ = {isa = PBXBuildFile; fileRef = 2BF4D9992BF20CB900758732 /* NewsData.swift */; };
		2BF4D99C2BF20D9F00758732 /* NewsService.swift in Sources */ = {isa = PBXBuildFile; fileRef = 2BF4D99B2BF20D9F00758732 /* NewsService.swift */; };
		2BF4D9A72BF235F100758732 /* DetailsViewController.swift in Sources */ = {isa = PBXBuildFile; fileRef = 2BF4D9A62BF235F100758732 /* DetailsViewController.swift */; };
		2BF4D9A92BF235FD00758732 /* DetailsView.swift in Sources */ = {isa = PBXBuildFile; fileRef = 2BF4D9A82BF235FD00758732 /* DetailsView.swift */; };
		2BF4D9AB2BF2361400758732 /* DetailsViewModel.swift in Sources */ = {isa = PBXBuildFile; fileRef = 2BF4D9AA2BF2361400758732 /* DetailsViewModel.swift */; };
		2BF4D9B92BF24CC000758732 /* ImageService.swift in Sources */ = {isa = PBXBuildFile; fileRef = 2BF4D9B82BF24CC000758732 /* ImageService.swift */; };
		2BF4D9BC2BF2608800758732 /* NewsDetailsCellView.swift in Sources */ = {isa = PBXBuildFile; fileRef = 2BF4D9BB2BF2608800758732 /* NewsDetailsCellView.swift */; };
		2BF4D9BE2BF2609B00758732 /* NewsDetailsTableViewCell.swift in Sources */ = {isa = PBXBuildFile; fileRef = 2BF4D9BD2BF2609B00758732 /* NewsDetailsTableViewCell.swift */; };
/* End PBXBuildFile section */

/* Begin PBXContainerItemProxy section */
		2BA64F2C2BF0DFF50074C3B4 /* PBXContainerItemProxy */ = {
			isa = PBXContainerItemProxy;
			containerPortal = 2BA64F0D2BF0DFF10074C3B4 /* Project object */;
			proxyType = 1;
			remoteGlobalIDString = 2BA64F142BF0DFF10074C3B4;
			remoteInfo = Bornlogic_iOSChallenge;
		};
		2BA64F362BF0DFF50074C3B4 /* PBXContainerItemProxy */ = {
			isa = PBXContainerItemProxy;
			containerPortal = 2BA64F0D2BF0DFF10074C3B4 /* Project object */;
			proxyType = 1;
			remoteGlobalIDString = 2BA64F142BF0DFF10074C3B4;
			remoteInfo = Bornlogic_iOSChallenge;
		};
/* End PBXContainerItemProxy section */

/* Begin PBXFileReference section */
		2B39E3C02BF6496300810594 /* NewsData.json */ = {isa = PBXFileReference; lastKnownFileType = text.json; path = NewsData.json; sourceTree = "<group>"; };
		2B39E3C22BF64D9E00810594 /* NewsServiceTests.swift */ = {isa = PBXFileReference; lastKnownFileType = sourcecode.swift; path = NewsServiceTests.swift; sourceTree = "<group>"; };
		2B5121662BF534B300080318 /* NetworkErrorAlertTests.swift */ = {isa = PBXFileReference; lastKnownFileType = sourcecode.swift; path = NetworkErrorAlertTests.swift; sourceTree = "<group>"; };
		2B5121682BF5383B00080318 /* NewsServiceMock.swift */ = {isa = PBXFileReference; lastKnownFileType = sourcecode.swift; path = NewsServiceMock.swift; sourceTree = "<group>"; };
		2B568E092BF4C913002D39F2 /* APIEndpointParams.swift */ = {isa = PBXFileReference; lastKnownFileType = sourcecode.swift; path = APIEndpointParams.swift; sourceTree = "<group>"; };
		2B568E0B2BF4F3D8002D39F2 /* APIEndpointHandler.swift */ = {isa = PBXFileReference; lastKnownFileType = sourcecode.swift; path = APIEndpointHandler.swift; sourceTree = "<group>"; };
		2B84AA7B2BF3883300CA479B /* TableViewProtocols.swift */ = {isa = PBXFileReference; lastKnownFileType = sourcecode.swift; path = TableViewProtocols.swift; sourceTree = "<group>"; };
		2B84AA7D2BF3892A00CA479B /* NewsDataProtocols.swift */ = {isa = PBXFileReference; lastKnownFileType = sourcecode.swift; path = NewsDataProtocols.swift; sourceTree = "<group>"; };
		2B84AA832BF399C300CA479B /* DataParser.swift */ = {isa = PBXFileReference; lastKnownFileType = sourcecode.swift; path = DataParser.swift; sourceTree = "<group>"; };
		2B84AA862BF39AA600CA479B /* APIKey.swift */ = {isa = PBXFileReference; lastKnownFileType = sourcecode.swift; path = APIKey.swift; sourceTree = "<group>"; };
		2B84AA8A2BF3E67900CA479B /* ErrorHandler.swift */ = {isa = PBXFileReference; lastKnownFileType = sourcecode.swift; path = ErrorHandler.swift; sourceTree = "<group>"; };
		2B8BBB582BF3696500433FFF /* CellProtocols.swift */ = {isa = PBXFileReference; lastKnownFileType = sourcecode.swift; path = CellProtocols.swift; sourceTree = "<group>"; };
		2B8BBB5A2BF36A1D00433FFF /* NetworkingProtocols.swift */ = {isa = PBXFileReference; lastKnownFileType = sourcecode.swift; path = NetworkingProtocols.swift; sourceTree = "<group>"; };
		2BA64F152BF0DFF10074C3B4 /* Bornlogic_iOSChallenge.app */ = {isa = PBXFileReference; explicitFileType = wrapper.application; includeInIndex = 0; path = Bornlogic_iOSChallenge.app; sourceTree = BUILT_PRODUCTS_DIR; };
		2BA64F182BF0DFF20074C3B4 /* AppDelegate.swift */ = {isa = PBXFileReference; lastKnownFileType = sourcecode.swift; path = AppDelegate.swift; sourceTree = "<group>"; };
		2BA64F1C2BF0DFF20074C3B4 /* NewsListViewController.swift */ = {isa = PBXFileReference; lastKnownFileType = sourcecode.swift; path = NewsListViewController.swift; sourceTree = "<group>"; };
		2BA64F212BF0DFF40074C3B4 /* Assets.xcassets */ = {isa = PBXFileReference; lastKnownFileType = folder.assetcatalog; path = Assets.xcassets; sourceTree = "<group>"; };
		2BA64F242BF0DFF40074C3B4 /* Base */ = {isa = PBXFileReference; lastKnownFileType = file.storyboard; name = Base; path = Base.lproj/LaunchScreen.storyboard; sourceTree = "<group>"; };
		2BA64F262BF0DFF40074C3B4 /* Info.plist */ = {isa = PBXFileReference; lastKnownFileType = text.plist.xml; path = Info.plist; sourceTree = "<group>"; };
		2BA64F2B2BF0DFF50074C3B4 /* Bornlogic_iOSChallengeTests.xctest */ = {isa = PBXFileReference; explicitFileType = wrapper.cfbundle; includeInIndex = 0; path = Bornlogic_iOSChallengeTests.xctest; sourceTree = BUILT_PRODUCTS_DIR; };
		2BA64F352BF0DFF50074C3B4 /* Bornlogic_iOSChallengeUITests.xctest */ = {isa = PBXFileReference; explicitFileType = wrapper.cfbundle; includeInIndex = 0; path = Bornlogic_iOSChallengeUITests.xctest; sourceTree = BUILT_PRODUCTS_DIR; };
		2BA64F392BF0DFF50074C3B4 /* Bornlogic_iOSChallengeUITests.swift */ = {isa = PBXFileReference; lastKnownFileType = sourcecode.swift; path = Bornlogic_iOSChallengeUITests.swift; sourceTree = "<group>"; };
		2BA64F3B2BF0DFF50074C3B4 /* Bornlogic_iOSChallengeUITestsLaunchTests.swift */ = {isa = PBXFileReference; lastKnownFileType = sourcecode.swift; path = Bornlogic_iOSChallengeUITestsLaunchTests.swift; sourceTree = "<group>"; };
		2BA64F552BF0E7C90074C3B4 /* NewsListView.swift */ = {isa = PBXFileReference; lastKnownFileType = sourcecode.swift; path = NewsListView.swift; sourceTree = "<group>"; };
		2BA64F572BF107DE0074C3B4 /* UIViewController + Extension.swift */ = {isa = PBXFileReference; lastKnownFileType = sourcecode.swift; path = "UIViewController + Extension.swift"; sourceTree = "<group>"; };
		2BA64F592BF1083A0074C3B4 /* Constants.swift */ = {isa = PBXFileReference; lastKnownFileType = sourcecode.swift; path = Constants.swift; sourceTree = "<group>"; };
		2BA64F5B2BF10D870074C3B4 /* NewsListViewModel.swift */ = {isa = PBXFileReference; lastKnownFileType = sourcecode.swift; path = NewsListViewModel.swift; sourceTree = "<group>"; };
		2BA64F5D2BF10E550074C3B4 /* NewsListTableViewCell.swift */ = {isa = PBXFileReference; lastKnownFileType = sourcecode.swift; path = NewsListTableViewCell.swift; sourceTree = "<group>"; };
		2BA64F5F2BF10ED30074C3B4 /* UIView + Extension.swift */ = {isa = PBXFileReference; lastKnownFileType = sourcecode.swift; path = "UIView + Extension.swift"; sourceTree = "<group>"; };
		2BA64F612BF10F670074C3B4 /* NewsListCellView.swift */ = {isa = PBXFileReference; lastKnownFileType = sourcecode.swift; path = NewsListCellView.swift; sourceTree = "<group>"; };
		2BF4D9992BF20CB900758732 /* NewsData.swift */ = {isa = PBXFileReference; lastKnownFileType = sourcecode.swift; path = NewsData.swift; sourceTree = "<group>"; };
		2BF4D99B2BF20D9F00758732 /* NewsService.swift */ = {isa = PBXFileReference; lastKnownFileType = sourcecode.swift; path = NewsService.swift; sourceTree = "<group>"; };
		2BF4D9A62BF235F100758732 /* DetailsViewController.swift */ = {isa = PBXFileReference; lastKnownFileType = sourcecode.swift; path = DetailsViewController.swift; sourceTree = "<group>"; };
		2BF4D9A82BF235FD00758732 /* DetailsView.swift */ = {isa = PBXFileReference; lastKnownFileType = sourcecode.swift; path = DetailsView.swift; sourceTree = "<group>"; };
		2BF4D9AA2BF2361400758732 /* DetailsViewModel.swift */ = {isa = PBXFileReference; lastKnownFileType = sourcecode.swift; path = DetailsViewModel.swift; sourceTree = "<group>"; };
		2BF4D9B82BF24CC000758732 /* ImageService.swift */ = {isa = PBXFileReference; lastKnownFileType = sourcecode.swift; path = ImageService.swift; sourceTree = "<group>"; };
		2BF4D9BB2BF2608800758732 /* NewsDetailsCellView.swift */ = {isa = PBXFileReference; lastKnownFileType = sourcecode.swift; path = NewsDetailsCellView.swift; sourceTree = "<group>"; };
		2BF4D9BD2BF2609B00758732 /* NewsDetailsTableViewCell.swift */ = {isa = PBXFileReference; lastKnownFileType = sourcecode.swift; path = NewsDetailsTableViewCell.swift; sourceTree = "<group>"; };
/* End PBXFileReference section */

/* Begin PBXFrameworksBuildPhase section */
		2BA64F122BF0DFF10074C3B4 /* Frameworks */ = {
			isa = PBXFrameworksBuildPhase;
			buildActionMask = 2147483647;
			files = (
			);
			runOnlyForDeploymentPostprocessing = 0;
		};
		2BA64F282BF0DFF50074C3B4 /* Frameworks */ = {
			isa = PBXFrameworksBuildPhase;
			buildActionMask = 2147483647;
			files = (
			);
			runOnlyForDeploymentPostprocessing = 0;
		};
		2BA64F322BF0DFF50074C3B4 /* Frameworks */ = {
			isa = PBXFrameworksBuildPhase;
			buildActionMask = 2147483647;
			files = (
			);
			runOnlyForDeploymentPostprocessing = 0;
		};
/* End PBXFrameworksBuildPhase section */

/* Begin PBXGroup section */
		2B5121652BF5338E00080318 /* Alerts */ = {
			isa = PBXGroup;
			children = (
				2B5121662BF534B300080318 /* NetworkErrorAlertTests.swift */,
			);
			path = Alerts;
			sourceTree = "<group>";
		};
		2B568E082BF4C100002D39F2 /* Networking */ = {
			isa = PBXGroup;
			children = (
				2B39E3C22BF64D9E00810594 /* NewsServiceTests.swift */,
			);
			path = Networking;
			sourceTree = "<group>";
		};
		2B84AA7F2BF38B1B00CA479B /* API */ = {
			isa = PBXGroup;
			children = (
				2B84AA852BF39A9500CA479B /* Key */,
				2B84AA802BF38B1F00CA479B /* Endpoints */,
			);
			name = API;
			sourceTree = "<group>";
		};
		2B84AA802BF38B1F00CA479B /* Endpoints */ = {
			isa = PBXGroup;
			children = (
				2B568E092BF4C913002D39F2 /* APIEndpointParams.swift */,
				2B568E0B2BF4F3D8002D39F2 /* APIEndpointHandler.swift */,
			);
			name = Endpoints;
			sourceTree = "<group>";
		};
		2B84AA822BF38B9A00CA479B /* Parser */ = {
			isa = PBXGroup;
			children = (
				2B84AA832BF399C300CA479B /* DataParser.swift */,
			);
			name = Parser;
			sourceTree = "<group>";
		};
		2B84AA852BF39A9500CA479B /* Key */ = {
			isa = PBXGroup;
			children = (
				2B84AA862BF39AA600CA479B /* APIKey.swift */,
			);
			name = Key;
			sourceTree = "<group>";
		};
		2B8BBB572BF3694D00433FFF /* Protocols */ = {
			isa = PBXGroup;
			children = (
				2B8BBB582BF3696500433FFF /* CellProtocols.swift */,
				2B8BBB5A2BF36A1D00433FFF /* NetworkingProtocols.swift */,
				2B84AA7B2BF3883300CA479B /* TableViewProtocols.swift */,
				2B84AA7D2BF3892A00CA479B /* NewsDataProtocols.swift */,
			);
			name = Protocols;
			sourceTree = "<group>";
		};
		2B8BBB5E2BF36ED000433FFF /* View */ = {
			isa = PBXGroup;
			children = (
				2BA64F552BF0E7C90074C3B4 /* NewsListView.swift */,
			);
			name = View;
			sourceTree = "<group>";
		};
		2B8BBB5F2BF36ED400433FFF /* ViewModel */ = {
			isa = PBXGroup;
			children = (
				2BA64F5B2BF10D870074C3B4 /* NewsListViewModel.swift */,
			);
			name = ViewModel;
			sourceTree = "<group>";
		};
		2B8BBB602BF36ED900433FFF /* View Controller */ = {
			isa = PBXGroup;
			children = (
				2BA64F1C2BF0DFF20074C3B4 /* NewsListViewController.swift */,
			);
			name = "View Controller";
			sourceTree = "<group>";
		};
		2BA64F0C2BF0DFF10074C3B4 = {
			isa = PBXGroup;
			children = (
				2BA64F172BF0DFF10074C3B4 /* Bornlogic_iOSChallenge */,
				2BA64F2E2BF0DFF50074C3B4 /* Bornlogic_iOSChallengeTests */,
				2BA64F382BF0DFF50074C3B4 /* Bornlogic_iOSChallengeUITests */,
				2BA64F162BF0DFF10074C3B4 /* Products */,
			);
			sourceTree = "<group>";
		};
		2BA64F162BF0DFF10074C3B4 /* Products */ = {
			isa = PBXGroup;
			children = (
				2BA64F152BF0DFF10074C3B4 /* Bornlogic_iOSChallenge.app */,
				2BA64F2B2BF0DFF50074C3B4 /* Bornlogic_iOSChallengeTests.xctest */,
				2BA64F352BF0DFF50074C3B4 /* Bornlogic_iOSChallengeUITests.xctest */,
			);
			name = Products;
			sourceTree = "<group>";
		};
		2BA64F172BF0DFF10074C3B4 /* Bornlogic_iOSChallenge */ = {
			isa = PBXGroup;
			children = (
				2B8BBB572BF3694D00433FFF /* Protocols */,
				2BA64F512BF0E32D0074C3B4 /* Extensions */,
				2BA64F522BF0E3320074C3B4 /* Utils */,
				2BA64F502BF0E3290074C3B4 /* Networking */,
				2BA64F4D2BF0E3010074C3B4 /* Features */,
				2BA64F492BF0E2480074C3B4 /* Supporting */,
			);
			path = Bornlogic_iOSChallenge;
			sourceTree = "<group>";
		};
		2BA64F2E2BF0DFF50074C3B4 /* Bornlogic_iOSChallengeTests */ = {
			isa = PBXGroup;
			children = (
				2B5121652BF5338E00080318 /* Alerts */,
				2B568E082BF4C100002D39F2 /* Networking */,
			);
			path = Bornlogic_iOSChallengeTests;
			sourceTree = "<group>";
		};
		2BA64F382BF0DFF50074C3B4 /* Bornlogic_iOSChallengeUITests */ = {
			isa = PBXGroup;
			children = (
				2BA64F392BF0DFF50074C3B4 /* Bornlogic_iOSChallengeUITests.swift */,
				2BA64F3B2BF0DFF50074C3B4 /* Bornlogic_iOSChallengeUITestsLaunchTests.swift */,
			);
			path = Bornlogic_iOSChallengeUITests;
			sourceTree = "<group>";
		};
		2BA64F492BF0E2480074C3B4 /* Supporting */ = {
			isa = PBXGroup;
			children = (
				2BA64F182BF0DFF20074C3B4 /* AppDelegate.swift */,
				2BA64F232BF0DFF40074C3B4 /* LaunchScreen.storyboard */,
				2BA64F212BF0DFF40074C3B4 /* Assets.xcassets */,
				2BA64F262BF0DFF40074C3B4 /* Info.plist */,
			);
			name = Supporting;
			sourceTree = "<group>";
		};
		2BA64F4C2BF0E2BB0074C3B4 /* News Details */ = {
			isa = PBXGroup;
			children = (
				2BF4D9BA2BF2607500758732 /* Cell */,
				2BF4D9C12BF28B5300758732 /* View Controller */,
				2BF4D9C02BF28B4D00758732 /* View Model */,
				2BF4D9BF2BF28B4A00758732 /* View */,
			);
			name = "News Details";
			sourceTree = "<group>";
		};
		2BA64F4D2BF0E3010074C3B4 /* Features */ = {
			isa = PBXGroup;
			children = (
				2BA64F4E2BF0E30B0074C3B4 /* News List */,
				2BA64F4C2BF0E2BB0074C3B4 /* News Details */,
			);
			name = Features;
			sourceTree = "<group>";
		};
		2BA64F4E2BF0E30B0074C3B4 /* News List */ = {
			isa = PBXGroup;
			children = (
				2BA64F632BF10F850074C3B4 /* Cell */,
				2B8BBB602BF36ED900433FFF /* View Controller */,
				2B8BBB5F2BF36ED400433FFF /* ViewModel */,
				2B8BBB5E2BF36ED000433FFF /* View */,
			);
			name = "News List";
			sourceTree = "<group>";
		};
		2BA64F502BF0E3290074C3B4 /* Networking */ = {
			isa = PBXGroup;
			children = (
				2B84AA7F2BF38B1B00CA479B /* API */,
				2B84AA822BF38B9A00CA479B /* Parser */,
				2BF4D9982BF209AE00758732 /* Model */,
				2BF4D9A22BF215CB00758732 /* Service */,
			);
			name = Networking;
			sourceTree = "<group>";
		};
		2BA64F512BF0E32D0074C3B4 /* Extensions */ = {
			isa = PBXGroup;
			children = (
				2BA64F572BF107DE0074C3B4 /* UIViewController + Extension.swift */,
				2BA64F5F2BF10ED30074C3B4 /* UIView + Extension.swift */,
			);
			name = Extensions;
			sourceTree = "<group>";
		};
		2BA64F522BF0E3320074C3B4 /* Utils */ = {
			isa = PBXGroup;
			children = (
				2BA64F592BF1083A0074C3B4 /* Constants.swift */,
				2B84AA8A2BF3E67900CA479B /* ErrorHandler.swift */,
			);
			name = Utils;
			sourceTree = "<group>";
		};
		2BA64F632BF10F850074C3B4 /* Cell */ = {
			isa = PBXGroup;
			children = (
				2BA64F5D2BF10E550074C3B4 /* NewsListTableViewCell.swift */,
				2BA64F612BF10F670074C3B4 /* NewsListCellView.swift */,
			);
			name = Cell;
			sourceTree = "<group>";
		};
		2BF4D9982BF209AE00758732 /* Model */ = {
			isa = PBXGroup;
			children = (
				2BF4D9992BF20CB900758732 /* NewsData.swift */,
			);
			name = Model;
			sourceTree = "<group>";
		};
		2BF4D9A22BF215CB00758732 /* Service */ = {
			isa = PBXGroup;
			children = (
				2BF4D99B2BF20D9F00758732 /* NewsService.swift */,
				2B5121682BF5383B00080318 /* NewsServiceMock.swift */,
				2BF4D9B82BF24CC000758732 /* ImageService.swift */,
				2B39E3C02BF6496300810594 /* NewsData.json */,
			);
			name = Service;
			sourceTree = "<group>";
		};
		2BF4D9BA2BF2607500758732 /* Cell */ = {
			isa = PBXGroup;
			children = (
				2BF4D9BB2BF2608800758732 /* NewsDetailsCellView.swift */,
				2BF4D9BD2BF2609B00758732 /* NewsDetailsTableViewCell.swift */,
			);
			name = Cell;
			sourceTree = "<group>";
		};
		2BF4D9BF2BF28B4A00758732 /* View */ = {
			isa = PBXGroup;
			children = (
				2BF4D9A82BF235FD00758732 /* DetailsView.swift */,
			);
			name = View;
			sourceTree = "<group>";
		};
		2BF4D9C02BF28B4D00758732 /* View Model */ = {
			isa = PBXGroup;
			children = (
				2BF4D9AA2BF2361400758732 /* DetailsViewModel.swift */,
			);
			name = "View Model";
			sourceTree = "<group>";
		};
		2BF4D9C12BF28B5300758732 /* View Controller */ = {
			isa = PBXGroup;
			children = (
				2BF4D9A62BF235F100758732 /* DetailsViewController.swift */,
			);
			name = "View Controller";
			sourceTree = "<group>";
		};
/* End PBXGroup section */

/* Begin PBXNativeTarget section */
		2BA64F142BF0DFF10074C3B4 /* Bornlogic_iOSChallenge */ = {
			isa = PBXNativeTarget;
			buildConfigurationList = 2BA64F3F2BF0DFF50074C3B4 /* Build configuration list for PBXNativeTarget "Bornlogic_iOSChallenge" */;
			buildPhases = (
				2BA64F112BF0DFF10074C3B4 /* Sources */,
				2BA64F122BF0DFF10074C3B4 /* Frameworks */,
				2BA64F132BF0DFF10074C3B4 /* Resources */,
			);
			buildRules = (
			);
			dependencies = (
			);
			name = Bornlogic_iOSChallenge;
			packageProductDependencies = (
			);
			productName = Bornlogic_iOSChallenge;
			productReference = 2BA64F152BF0DFF10074C3B4 /* Bornlogic_iOSChallenge.app */;
			productType = "com.apple.product-type.application";
		};
		2BA64F2A2BF0DFF50074C3B4 /* Bornlogic_iOSChallengeTests */ = {
			isa = PBXNativeTarget;
			buildConfigurationList = 2BA64F422BF0DFF50074C3B4 /* Build configuration list for PBXNativeTarget "Bornlogic_iOSChallengeTests" */;
			buildPhases = (
				2BA64F272BF0DFF50074C3B4 /* Sources */,
				2BA64F282BF0DFF50074C3B4 /* Frameworks */,
				2BA64F292BF0DFF50074C3B4 /* Resources */,
			);
			buildRules = (
			);
			dependencies = (
				2BA64F2D2BF0DFF50074C3B4 /* PBXTargetDependency */,
			);
			name = Bornlogic_iOSChallengeTests;
			productName = Bornlogic_iOSChallengeTests;
			productReference = 2BA64F2B2BF0DFF50074C3B4 /* Bornlogic_iOSChallengeTests.xctest */;
			productType = "com.apple.product-type.bundle.unit-test";
		};
		2BA64F342BF0DFF50074C3B4 /* Bornlogic_iOSChallengeUITests */ = {
			isa = PBXNativeTarget;
			buildConfigurationList = 2BA64F452BF0DFF50074C3B4 /* Build configuration list for PBXNativeTarget "Bornlogic_iOSChallengeUITests" */;
			buildPhases = (
				2BA64F312BF0DFF50074C3B4 /* Sources */,
				2BA64F322BF0DFF50074C3B4 /* Frameworks */,
				2BA64F332BF0DFF50074C3B4 /* Resources */,
			);
			buildRules = (
			);
			dependencies = (
				2BA64F372BF0DFF50074C3B4 /* PBXTargetDependency */,
			);
			name = Bornlogic_iOSChallengeUITests;
			productName = Bornlogic_iOSChallengeUITests;
			productReference = 2BA64F352BF0DFF50074C3B4 /* Bornlogic_iOSChallengeUITests.xctest */;
			productType = "com.apple.product-type.bundle.ui-testing";
		};
/* End PBXNativeTarget section */

/* Begin PBXProject section */
		2BA64F0D2BF0DFF10074C3B4 /* Project object */ = {
			isa = PBXProject;
			attributes = {
				BuildIndependentTargetsInParallel = 1;
				LastSwiftUpdateCheck = 1530;
				LastUpgradeCheck = 1530;
				TargetAttributes = {
					2BA64F142BF0DFF10074C3B4 = {
						CreatedOnToolsVersion = 15.3;
					};
					2BA64F2A2BF0DFF50074C3B4 = {
						CreatedOnToolsVersion = 15.3;
						TestTargetID = 2BA64F142BF0DFF10074C3B4;
					};
					2BA64F342BF0DFF50074C3B4 = {
						CreatedOnToolsVersion = 15.3;
						TestTargetID = 2BA64F142BF0DFF10074C3B4;
					};
				};
			};
			buildConfigurationList = 2BA64F102BF0DFF10074C3B4 /* Build configuration list for PBXProject "Bornlogic_iOSChallenge" */;
			compatibilityVersion = "Xcode 14.0";
			developmentRegion = en;
			hasScannedForEncodings = 0;
			knownRegions = (
				en,
				Base,
			);
			mainGroup = 2BA64F0C2BF0DFF10074C3B4;
			packageReferences = (
			);
			productRefGroup = 2BA64F162BF0DFF10074C3B4 /* Products */;
			projectDirPath = "";
			projectRoot = "";
			targets = (
				2BA64F142BF0DFF10074C3B4 /* Bornlogic_iOSChallenge */,
				2BA64F2A2BF0DFF50074C3B4 /* Bornlogic_iOSChallengeTests */,
				2BA64F342BF0DFF50074C3B4 /* Bornlogic_iOSChallengeUITests */,
			);
		};
/* End PBXProject section */

/* Begin PBXResourcesBuildPhase section */
		2BA64F132BF0DFF10074C3B4 /* Resources */ = {
			isa = PBXResourcesBuildPhase;
			buildActionMask = 2147483647;
			files = (
				2B39E3C12BF6496300810594 /* NewsData.json in Resources */,
				2BA64F222BF0DFF40074C3B4 /* Assets.xcassets in Resources */,
				2BA64F252BF0DFF40074C3B4 /* Base in Resources */,
			);
			runOnlyForDeploymentPostprocessing = 0;
		};
		2BA64F292BF0DFF50074C3B4 /* Resources */ = {
			isa = PBXResourcesBuildPhase;
			buildActionMask = 2147483647;
			files = (
			);
			runOnlyForDeploymentPostprocessing = 0;
		};
		2BA64F332BF0DFF50074C3B4 /* Resources */ = {
			isa = PBXResourcesBuildPhase;
			buildActionMask = 2147483647;
			files = (
			);
			runOnlyForDeploymentPostprocessing = 0;
		};
/* End PBXResourcesBuildPhase section */

/* Begin PBXSourcesBuildPhase section */
		2BA64F112BF0DFF10074C3B4 /* Sources */ = {
			isa = PBXSourcesBuildPhase;
			buildActionMask = 2147483647;
			files = (
				2BA64F5A2BF1083A0074C3B4 /* Constants.swift in Sources */,
				2B568E0A2BF4C913002D39F2 /* APIEndpointParams.swift in Sources */,
				2BF4D9A92BF235FD00758732 /* DetailsView.swift in Sources */,
				2BF4D9AB2BF2361400758732 /* DetailsViewModel.swift in Sources */,
				2B84AA7C2BF3883300CA479B /* TableViewProtocols.swift in Sources */,
				2B8BBB592BF3696500433FFF /* CellProtocols.swift in Sources */,
				2BA64F1D2BF0DFF20074C3B4 /* NewsListViewController.swift in Sources */,
				2B8BBB5B2BF36A1E00433FFF /* NetworkingProtocols.swift in Sources */,
				2BF4D9BE2BF2609B00758732 /* NewsDetailsTableViewCell.swift in Sources */,
				2BA64F562BF0E7C90074C3B4 /* NewsListView.swift in Sources */,
				2BA64F582BF107DE0074C3B4 /* UIViewController + Extension.swift in Sources */,
				2B84AA842BF399C300CA479B /* DataParser.swift in Sources */,
				2B84AA8B2BF3E67900CA479B /* ErrorHandler.swift in Sources */,
				2B39E3BE2BF6160500810594 /* NewsServiceMock.swift in Sources */,
				2BA64F622BF10F670074C3B4 /* NewsListCellView.swift in Sources */,
				2B568E0C2BF4F3D8002D39F2 /* APIEndpointHandler.swift in Sources */,
				2BF4D99C2BF20D9F00758732 /* NewsService.swift in Sources */,
				2B84AA7E2BF3892A00CA479B /* NewsDataProtocols.swift in Sources */,
				2BF4D99A2BF20CB900758732 /* NewsData.swift in Sources */,
				2BF4D9B92BF24CC000758732 /* ImageService.swift in Sources */,
				2BA64F602BF10ED30074C3B4 /* UIView + Extension.swift in Sources */,
				2BA64F192BF0DFF20074C3B4 /* AppDelegate.swift in Sources */,
				2BA64F5E2BF10E550074C3B4 /* NewsListTableViewCell.swift in Sources */,
				2BF4D9A72BF235F100758732 /* DetailsViewController.swift in Sources */,
				2BF4D9BC2BF2608800758732 /* NewsDetailsCellView.swift in Sources */,
				2B84AA872BF39AA600CA479B /* APIKey.swift in Sources */,
				2BA64F5C2BF10D870074C3B4 /* NewsListViewModel.swift in Sources */,
			);
			runOnlyForDeploymentPostprocessing = 0;
		};
		2BA64F272BF0DFF50074C3B4 /* Sources */ = {
			isa = PBXSourcesBuildPhase;
			buildActionMask = 2147483647;
			files = (
				2B39E3C32BF64D9E00810594 /* NewsServiceTests.swift in Sources */,
				2B5121672BF534B300080318 /* NetworkErrorAlertTests.swift in Sources */,
				2B51216C2BF5389800080318 /* APIEndpointParams.swift in Sources */,
				2B51216A2BF5385A00080318 /* NetworkingProtocols.swift in Sources */,
				2B51216D2BF538A100080318 /* NewsData.swift in Sources */,
			);
			runOnlyForDeploymentPostprocessing = 0;
		};
		2BA64F312BF0DFF50074C3B4 /* Sources */ = {
			isa = PBXSourcesBuildPhase;
			buildActionMask = 2147483647;
			files = (
				2BA64F3C2BF0DFF50074C3B4 /* Bornlogic_iOSChallengeUITestsLaunchTests.swift in Sources */,
				2BA64F3A2BF0DFF50074C3B4 /* Bornlogic_iOSChallengeUITests.swift in Sources */,
			);
			runOnlyForDeploymentPostprocessing = 0;
		};
/* End PBXSourcesBuildPhase section */

/* Begin PBXTargetDependency section */
		2BA64F2D2BF0DFF50074C3B4 /* PBXTargetDependency */ = {
			isa = PBXTargetDependency;
			target = 2BA64F142BF0DFF10074C3B4 /* Bornlogic_iOSChallenge */;
			targetProxy = 2BA64F2C2BF0DFF50074C3B4 /* PBXContainerItemProxy */;
		};
		2BA64F372BF0DFF50074C3B4 /* PBXTargetDependency */ = {
			isa = PBXTargetDependency;
			target = 2BA64F142BF0DFF10074C3B4 /* Bornlogic_iOSChallenge */;
			targetProxy = 2BA64F362BF0DFF50074C3B4 /* PBXContainerItemProxy */;
		};
/* End PBXTargetDependency section */

/* Begin PBXVariantGroup section */
		2BA64F232BF0DFF40074C3B4 /* LaunchScreen.storyboard */ = {
			isa = PBXVariantGroup;
			children = (
				2BA64F242BF0DFF40074C3B4 /* Base */,
			);
			name = LaunchScreen.storyboard;
			sourceTree = "<group>";
		};
/* End PBXVariantGroup section */

/* Begin XCBuildConfiguration section */
		2BA64F3D2BF0DFF50074C3B4 /* Debug */ = {
			isa = XCBuildConfiguration;
			buildSettings = {
				ALWAYS_SEARCH_USER_PATHS = NO;
				ASSETCATALOG_COMPILER_GENERATE_SWIFT_ASSET_SYMBOL_EXTENSIONS = YES;
				CLANG_ANALYZER_NONNULL = YES;
				CLANG_ANALYZER_NUMBER_OBJECT_CONVERSION = YES_AGGRESSIVE;
				CLANG_CXX_LANGUAGE_STANDARD = "gnu++20";
				CLANG_ENABLE_MODULES = YES;
				CLANG_ENABLE_OBJC_ARC = YES;
				CLANG_ENABLE_OBJC_WEAK = YES;
				CLANG_WARN_BLOCK_CAPTURE_AUTORELEASING = YES;
				CLANG_WARN_BOOL_CONVERSION = YES;
				CLANG_WARN_COMMA = YES;
				CLANG_WARN_CONSTANT_CONVERSION = YES;
				CLANG_WARN_DEPRECATED_OBJC_IMPLEMENTATIONS = YES;
				CLANG_WARN_DIRECT_OBJC_ISA_USAGE = YES_ERROR;
				CLANG_WARN_DOCUMENTATION_COMMENTS = YES;
				CLANG_WARN_EMPTY_BODY = YES;
				CLANG_WARN_ENUM_CONVERSION = YES;
				CLANG_WARN_INFINITE_RECURSION = YES;
				CLANG_WARN_INT_CONVERSION = YES;
				CLANG_WARN_NON_LITERAL_NULL_CONVERSION = YES;
				CLANG_WARN_OBJC_IMPLICIT_RETAIN_SELF = YES;
				CLANG_WARN_OBJC_LITERAL_CONVERSION = YES;
				CLANG_WARN_OBJC_ROOT_CLASS = YES_ERROR;
				CLANG_WARN_QUOTED_INCLUDE_IN_FRAMEWORK_HEADER = YES;
				CLANG_WARN_RANGE_LOOP_ANALYSIS = YES;
				CLANG_WARN_STRICT_PROTOTYPES = YES;
				CLANG_WARN_SUSPICIOUS_MOVE = YES;
				CLANG_WARN_UNGUARDED_AVAILABILITY = YES_AGGRESSIVE;
				CLANG_WARN_UNREACHABLE_CODE = YES;
				CLANG_WARN__DUPLICATE_METHOD_MATCH = YES;
				COPY_PHASE_STRIP = NO;
				DEBUG_INFORMATION_FORMAT = dwarf;
				ENABLE_STRICT_OBJC_MSGSEND = YES;
				ENABLE_TESTABILITY = YES;
				ENABLE_USER_SCRIPT_SANDBOXING = YES;
				GCC_C_LANGUAGE_STANDARD = gnu17;
				GCC_DYNAMIC_NO_PIC = NO;
				GCC_NO_COMMON_BLOCKS = YES;
				GCC_OPTIMIZATION_LEVEL = 0;
				GCC_PREPROCESSOR_DEFINITIONS = (
					"DEBUG=1",
					"$(inherited)",
				);
				GCC_WARN_64_TO_32_BIT_CONVERSION = YES;
				GCC_WARN_ABOUT_RETURN_TYPE = YES_ERROR;
				GCC_WARN_UNDECLARED_SELECTOR = YES;
				GCC_WARN_UNINITIALIZED_AUTOS = YES_AGGRESSIVE;
				GCC_WARN_UNUSED_FUNCTION = YES;
				GCC_WARN_UNUSED_VARIABLE = YES;
				IPHONEOS_DEPLOYMENT_TARGET = 17.4;
				LOCALIZATION_PREFERS_STRING_CATALOGS = YES;
				MTL_ENABLE_DEBUG_INFO = INCLUDE_SOURCE;
				MTL_FAST_MATH = YES;
				ONLY_ACTIVE_ARCH = YES;
				SDKROOT = iphoneos;
				SWIFT_ACTIVE_COMPILATION_CONDITIONS = "DEBUG $(inherited)";
				SWIFT_OPTIMIZATION_LEVEL = "-Onone";
			};
			name = Debug;
		};
		2BA64F3E2BF0DFF50074C3B4 /* Release */ = {
			isa = XCBuildConfiguration;
			buildSettings = {
				ALWAYS_SEARCH_USER_PATHS = NO;
				ASSETCATALOG_COMPILER_GENERATE_SWIFT_ASSET_SYMBOL_EXTENSIONS = YES;
				CLANG_ANALYZER_NONNULL = YES;
				CLANG_ANALYZER_NUMBER_OBJECT_CONVERSION = YES_AGGRESSIVE;
				CLANG_CXX_LANGUAGE_STANDARD = "gnu++20";
				CLANG_ENABLE_MODULES = YES;
				CLANG_ENABLE_OBJC_ARC = YES;
				CLANG_ENABLE_OBJC_WEAK = YES;
				CLANG_WARN_BLOCK_CAPTURE_AUTORELEASING = YES;
				CLANG_WARN_BOOL_CONVERSION = YES;
				CLANG_WARN_COMMA = YES;
				CLANG_WARN_CONSTANT_CONVERSION = YES;
				CLANG_WARN_DEPRECATED_OBJC_IMPLEMENTATIONS = YES;
				CLANG_WARN_DIRECT_OBJC_ISA_USAGE = YES_ERROR;
				CLANG_WARN_DOCUMENTATION_COMMENTS = YES;
				CLANG_WARN_EMPTY_BODY = YES;
				CLANG_WARN_ENUM_CONVERSION = YES;
				CLANG_WARN_INFINITE_RECURSION = YES;
				CLANG_WARN_INT_CONVERSION = YES;
				CLANG_WARN_NON_LITERAL_NULL_CONVERSION = YES;
				CLANG_WARN_OBJC_IMPLICIT_RETAIN_SELF = YES;
				CLANG_WARN_OBJC_LITERAL_CONVERSION = YES;
				CLANG_WARN_OBJC_ROOT_CLASS = YES_ERROR;
				CLANG_WARN_QUOTED_INCLUDE_IN_FRAMEWORK_HEADER = YES;
				CLANG_WARN_RANGE_LOOP_ANALYSIS = YES;
				CLANG_WARN_STRICT_PROTOTYPES = YES;
				CLANG_WARN_SUSPICIOUS_MOVE = YES;
				CLANG_WARN_UNGUARDED_AVAILABILITY = YES_AGGRESSIVE;
				CLANG_WARN_UNREACHABLE_CODE = YES;
				CLANG_WARN__DUPLICATE_METHOD_MATCH = YES;
				COPY_PHASE_STRIP = NO;
				DEBUG_INFORMATION_FORMAT = "dwarf-with-dsym";
				ENABLE_NS_ASSERTIONS = NO;
				ENABLE_STRICT_OBJC_MSGSEND = YES;
				ENABLE_USER_SCRIPT_SANDBOXING = YES;
				GCC_C_LANGUAGE_STANDARD = gnu17;
				GCC_NO_COMMON_BLOCKS = YES;
				GCC_WARN_64_TO_32_BIT_CONVERSION = YES;
				GCC_WARN_ABOUT_RETURN_TYPE = YES_ERROR;
				GCC_WARN_UNDECLARED_SELECTOR = YES;
				GCC_WARN_UNINITIALIZED_AUTOS = YES_AGGRESSIVE;
				GCC_WARN_UNUSED_FUNCTION = YES;
				GCC_WARN_UNUSED_VARIABLE = YES;
				IPHONEOS_DEPLOYMENT_TARGET = 17.4;
				LOCALIZATION_PREFERS_STRING_CATALOGS = YES;
				MTL_ENABLE_DEBUG_INFO = NO;
				MTL_FAST_MATH = YES;
				SDKROOT = iphoneos;
				SWIFT_COMPILATION_MODE = wholemodule;
				VALIDATE_PRODUCT = YES;
			};
			name = Release;
		};
		2BA64F402BF0DFF50074C3B4 /* Debug */ = {
			isa = XCBuildConfiguration;
			buildSettings = {
				ASSETCATALOG_COMPILER_APPICON_NAME = AppIcon;
				ASSETCATALOG_COMPILER_GLOBAL_ACCENT_COLOR_NAME = AccentColor;
				CODE_SIGN_STYLE = Automatic;
				CURRENT_PROJECT_VERSION = 1;
				DEVELOPMENT_TEAM = FH99D278L8;
				GENERATE_INFOPLIST_FILE = YES;
				INFOPLIST_FILE = Bornlogic_iOSChallenge/Info.plist;
				INFOPLIST_KEY_UIApplicationSupportsIndirectInputEvents = YES;
				INFOPLIST_KEY_UILaunchStoryboardName = LaunchScreen;
				INFOPLIST_KEY_UISupportedInterfaceOrientations = UIInterfaceOrientationPortrait;
				INFOPLIST_KEY_UISupportedInterfaceOrientations_iPad = "UIInterfaceOrientationLandscapeLeft UIInterfaceOrientationLandscapeRight UIInterfaceOrientationPortrait UIInterfaceOrientationPortraitUpsideDown";
				IPHONEOS_DEPLOYMENT_TARGET = 17.0;
				LD_RUNPATH_SEARCH_PATHS = (
					"$(inherited)",
					"@executable_path/Frameworks",
				);
				MARKETING_VERSION = 1.0;
				PRODUCT_BUNDLE_IDENTIFIER = "guilhermebrv.Bornlogic-iOSChallenge";
				PRODUCT_NAME = "$(TARGET_NAME)";
				SUPPORTED_PLATFORMS = "iphoneos iphonesimulator";
				SUPPORTS_MACCATALYST = NO;
				SUPPORTS_MAC_DESIGNED_FOR_IPHONE_IPAD = NO;
				SUPPORTS_XR_DESIGNED_FOR_IPHONE_IPAD = NO;
				SWIFT_EMIT_LOC_STRINGS = YES;
				SWIFT_VERSION = 5.0;
				TARGETED_DEVICE_FAMILY = 1;
			};
			name = Debug;
		};
		2BA64F412BF0DFF50074C3B4 /* Release */ = {
			isa = XCBuildConfiguration;
			buildSettings = {
				ASSETCATALOG_COMPILER_APPICON_NAME = AppIcon;
				ASSETCATALOG_COMPILER_GLOBAL_ACCENT_COLOR_NAME = AccentColor;
				CODE_SIGN_STYLE = Automatic;
				CURRENT_PROJECT_VERSION = 1;
				DEVELOPMENT_TEAM = FH99D278L8;
				GENERATE_INFOPLIST_FILE = YES;
				INFOPLIST_FILE = Bornlogic_iOSChallenge/Info.plist;
				INFOPLIST_KEY_UIApplicationSupportsIndirectInputEvents = YES;
				INFOPLIST_KEY_UILaunchStoryboardName = LaunchScreen;
				INFOPLIST_KEY_UISupportedInterfaceOrientations = UIInterfaceOrientationPortrait;
				INFOPLIST_KEY_UISupportedInterfaceOrientations_iPad = "UIInterfaceOrientationLandscapeLeft UIInterfaceOrientationLandscapeRight UIInterfaceOrientationPortrait UIInterfaceOrientationPortraitUpsideDown";
				IPHONEOS_DEPLOYMENT_TARGET = 17.0;
				LD_RUNPATH_SEARCH_PATHS = (
					"$(inherited)",
					"@executable_path/Frameworks",
				);
				MARKETING_VERSION = 1.0;
				PRODUCT_BUNDLE_IDENTIFIER = "guilhermebrv.Bornlogic-iOSChallenge";
				PRODUCT_NAME = "$(TARGET_NAME)";
				SUPPORTED_PLATFORMS = "iphoneos iphonesimulator";
				SUPPORTS_MACCATALYST = NO;
				SUPPORTS_MAC_DESIGNED_FOR_IPHONE_IPAD = NO;
				SUPPORTS_XR_DESIGNED_FOR_IPHONE_IPAD = NO;
				SWIFT_EMIT_LOC_STRINGS = YES;
				SWIFT_VERSION = 5.0;
				TARGETED_DEVICE_FAMILY = 1;
			};
			name = Release;
		};
		2BA64F432BF0DFF50074C3B4 /* Debug */ = {
			isa = XCBuildConfiguration;
			buildSettings = {
				ALWAYS_EMBED_SWIFT_STANDARD_LIBRARIES = YES;
				BUNDLE_LOADER = "$(TEST_HOST)";
				CODE_SIGN_STYLE = Automatic;
				CURRENT_PROJECT_VERSION = 1;
				DEVELOPMENT_TEAM = FH99D278L8;
				GENERATE_INFOPLIST_FILE = YES;
				IPHONEOS_DEPLOYMENT_TARGET = 17.4;
				MARKETING_VERSION = 1.0;
				PRODUCT_BUNDLE_IDENTIFIER = "guilhermebrv.Bornlogic-iOSChallengeTests";
				PRODUCT_NAME = "$(TARGET_NAME)";
				SWIFT_EMIT_LOC_STRINGS = NO;
				SWIFT_VERSION = 5.0;
				TARGETED_DEVICE_FAMILY = "1,2";
				TEST_HOST = "$(BUILT_PRODUCTS_DIR)/Bornlogic_iOSChallenge.app/$(BUNDLE_EXECUTABLE_FOLDER_PATH)/Bornlogic_iOSChallenge";
			};
			name = Debug;
		};
		2BA64F442BF0DFF50074C3B4 /* Release */ = {
			isa = XCBuildConfiguration;
			buildSettings = {
				ALWAYS_EMBED_SWIFT_STANDARD_LIBRARIES = YES;
				BUNDLE_LOADER = "$(TEST_HOST)";
				CODE_SIGN_STYLE = Automatic;
				CURRENT_PROJECT_VERSION = 1;
				DEVELOPMENT_TEAM = FH99D278L8;
				GENERATE_INFOPLIST_FILE = YES;
				IPHONEOS_DEPLOYMENT_TARGET = 17.4;
				MARKETING_VERSION = 1.0;
				PRODUCT_BUNDLE_IDENTIFIER = "guilhermebrv.Bornlogic-iOSChallengeTests";
				PRODUCT_NAME = "$(TARGET_NAME)";
				SWIFT_EMIT_LOC_STRINGS = NO;
				SWIFT_VERSION = 5.0;
				TARGETED_DEVICE_FAMILY = "1,2";
				TEST_HOST = "$(BUILT_PRODUCTS_DIR)/Bornlogic_iOSChallenge.app/$(BUNDLE_EXECUTABLE_FOLDER_PATH)/Bornlogic_iOSChallenge";
			};
			name = Release;
		};
		2BA64F462BF0DFF50074C3B4 /* Debug */ = {
			isa = XCBuildConfiguration;
			buildSettings = {
				ALWAYS_EMBED_SWIFT_STANDARD_LIBRARIES = YES;
				CODE_SIGN_STYLE = Automatic;
				CURRENT_PROJECT_VERSION = 1;
				DEVELOPMENT_TEAM = FH99D278L8;
				GENERATE_INFOPLIST_FILE = YES;
				MARKETING_VERSION = 1.0;
				PRODUCT_BUNDLE_IDENTIFIER = "guilhermebrv.Bornlogic-iOSChallengeUITests";
				PRODUCT_NAME = "$(TARGET_NAME)";
				SWIFT_EMIT_LOC_STRINGS = NO;
				SWIFT_VERSION = 5.0;
				TARGETED_DEVICE_FAMILY = "1,2";
				TEST_TARGET_NAME = Bornlogic_iOSChallenge;
			};
			name = Debug;
		};
		2BA64F472BF0DFF50074C3B4 /* Release */ = {
			isa = XCBuildConfiguration;
			buildSettings = {
				ALWAYS_EMBED_SWIFT_STANDARD_LIBRARIES = YES;
				CODE_SIGN_STYLE = Automatic;
				CURRENT_PROJECT_VERSION = 1;
				DEVELOPMENT_TEAM = FH99D278L8;
				GENERATE_INFOPLIST_FILE = YES;
				MARKETING_VERSION = 1.0;
				PRODUCT_BUNDLE_IDENTIFIER = "guilhermebrv.Bornlogic-iOSChallengeUITests";
				PRODUCT_NAME = "$(TARGET_NAME)";
				SWIFT_EMIT_LOC_STRINGS = NO;
				SWIFT_VERSION = 5.0;
				TARGETED_DEVICE_FAMILY = "1,2";
				TEST_TARGET_NAME = Bornlogic_iOSChallenge;
			};
			name = Release;
		};
/* End XCBuildConfiguration section */

/* Begin XCConfigurationList section */
		2BA64F102BF0DFF10074C3B4 /* Build configuration list for PBXProject "Bornlogic_iOSChallenge" */ = {
			isa = XCConfigurationList;
			buildConfigurations = (
				2BA64F3D2BF0DFF50074C3B4 /* Debug */,
				2BA64F3E2BF0DFF50074C3B4 /* Release */,
			);
			defaultConfigurationIsVisible = 0;
			defaultConfigurationName = Release;
		};
		2BA64F3F2BF0DFF50074C3B4 /* Build configuration list for PBXNativeTarget "Bornlogic_iOSChallenge" */ = {
			isa = XCConfigurationList;
			buildConfigurations = (
				2BA64F402BF0DFF50074C3B4 /* Debug */,
				2BA64F412BF0DFF50074C3B4 /* Release */,
			);
			defaultConfigurationIsVisible = 0;
			defaultConfigurationName = Release;
		};
		2BA64F422BF0DFF50074C3B4 /* Build configuration list for PBXNativeTarget "Bornlogic_iOSChallengeTests" */ = {
			isa = XCConfigurationList;
			buildConfigurations = (
				2BA64F432BF0DFF50074C3B4 /* Debug */,
				2BA64F442BF0DFF50074C3B4 /* Release */,
			);
			defaultConfigurationIsVisible = 0;
			defaultConfigurationName = Release;
		};
		2BA64F452BF0DFF50074C3B4 /* Build configuration list for PBXNativeTarget "Bornlogic_iOSChallengeUITests" */ = {
			isa = XCConfigurationList;
			buildConfigurations = (
				2BA64F462BF0DFF50074C3B4 /* Debug */,
				2BA64F472BF0DFF50074C3B4 /* Release */,
			);
			defaultConfigurationIsVisible = 0;
			defaultConfigurationName = Release;
		};
/* End XCConfigurationList section */
	};
	rootObject = 2BA64F0D2BF0DFF10074C3B4 /* Project object */;
}
